
Microsoft Visual Studio Solution File, Format Version 12.00
# Visual Studio Version 16
VisualStudioVersion = 16.0.30711.63
MinimumVisualStudioVersion = 10.0.40219.1
Project("{FAE04EC0-301F-11D3-BF4B-00C04F79EFBC}") = "GetType", "GetType\GetType.csproj", "{596D7334-7CDD-48BB-8BF6-F9F4DA4AC839}"
EndProject
Project("{FAE04EC0-301F-11D3-BF4B-00C04F79EFBC}") = "DynamicInstance", "DynamicInstance\DynamicInstance.csproj", "{0F5F4842-8E63-4D07-B80C-1355E35CECF0}"
EndProject
Project("{FAE04EC0-301F-11D3-BF4B-00C04F79EFBC}") = "EmitTest", "EmitTest\EmitTest.csproj", "{1AE0C0DA-159F-4C7A-BE51-BE58A506A510}"
EndProject
Project("{FAE04EC0-301F-11D3-BF4B-00C04F79EFBC}") = "BasicAttribute", "BasicAttribute\BasicAttribute.csproj", "{A5F6F50B-C273-40EB-918C-6D7928D4B9B0}"
EndProject
Project("{FAE04EC0-301F-11D3-BF4B-00C04F79EFBC}") = "CallerInfo", "CallerInfo\CallerInfo.csproj", "{D24175E0-22E2-4159-A35B-F4D5239C9BFA}"
EndProject
Project("{FAE04EC0-301F-11D3-BF4B-00C04F79EFBC}") = "HIstoryAttrivute", "HIstoryAttrivute\HIstoryAttrivute.csproj", "{BB82028E-DFF1-4FD9-A153-71E25B7FA7A3}"
EndProject
Global
	GlobalSection(SolutionConfigurationPlatforms) = preSolution
		Debug|Any CPU = Debug|Any CPU
		Release|Any CPU = Release|Any CPU
	EndGlobalSection
	GlobalSection(ProjectConfigurationPlatforms) = postSolution
		{596D7334-7CDD-48BB-8BF6-F9F4DA4AC839}.Debug|Any CPU.ActiveCfg = Debug|Any CPU
		{596D7334-7CDD-48BB-8BF6-F9F4DA4AC839}.Debug|Any CPU.Build.0 = Debug|Any CPU
		{596D7334-7CDD-48BB-8BF6-F9F4DA4AC839}.Release|Any CPU.ActiveCfg = Release|Any CPU
		{596D7334-7CDD-48BB-8BF6-F9F4DA4AC839}.Release|Any CPU.Build.0 = Release|Any CPU
		{0F5F4842-8E63-4D07-B80C-1355E35CECF0}.Debug|Any CPU.ActiveCfg = Debug|Any CPU
		{0F5F4842-8E63-4D07-B80C-1355E35CECF0}.Debug|Any CPU.Build.0 = Debug|Any CPU
		{0F5F4842-8E63-4D07-B80C-1355E35CECF0}.Release|Any CPU.ActiveCfg = Release|Any CPU
		{0F5F4842-8E63-4D07-B80C-1355E35CECF0}.Release|Any CPU.Build.0 = Release|Any CPU
		{1AE0C0DA-159F-4C7A-BE51-BE58A506A510}.Debug|Any CPU.ActiveCfg = Debug|Any CPU
		{1AE0C0DA-159F-4C7A-BE51-BE58A506A510}.Debug|Any CPU.Build.0 = Debug|Any CPU
		{1AE0C0DA-159F-4C7A-BE51-BE58A506A510}.Release|Any CPU.ActiveCfg = Release|Any CPU
		{1AE0C0DA-159F-4C7A-BE51-BE58A506A510}.Release|Any CPU.Build.0 = Release|Any CPU
		{A5F6F50B-C273-40EB-918C-6D7928D4B9B0}.Debug|Any CPU.ActiveCfg = Debug|Any CPU
		{A5F6F50B-C273-40EB-918C-6D7928D4B9B0}.Debug|Any CPU.Build.0 = Debug|Any CPU
		{A5F6F50B-C273-40EB-918C-6D7928D4B9B0}.Release|Any CPU.ActiveCfg = Release|Any CPU
		{A5F6F50B-C273-40EB-918C-6D7928D4B9B0}.Release|Any CPU.Build.0 = Release|Any CPU
		{D24175E0-22E2-4159-A35B-F4D5239C9BFA}.Debug|Any CPU.ActiveCfg = Debug|Any CPU
		{D24175E0-22E2-4159-A35B-F4D5239C9BFA}.Debug|Any CPU.Build.0 = Debug|Any CPU
		{D24175E0-22E2-4159-A35B-F4D5239C9BFA}.Release|Any CPU.ActiveCfg = Release|Any CPU
		{D24175E0-22E2-4159-A35B-F4D5239C9BFA}.Release|Any CPU.Build.0 = Release|Any CPU
		{BB82028E-DFF1-4FD9-A153-71E25B7FA7A3}.Debug|Any CPU.ActiveCfg = Debug|Any CPU
		{BB82028E-DFF1-4FD9-A153-71E25B7FA7A3}.Debug|Any CPU.Build.0 = Debug|Any CPU
		{BB82028E-DFF1-4FD9-A153-71E25B7FA7A3}.Release|Any CPU.ActiveCfg = Release|Any CPU
		{BB82028E-DFF1-4FD9-A153-71E25B7FA7A3}.Release|Any CPU.Build.0 = Release|Any CPU
	EndGlobalSection
	GlobalSection(SolutionProperties) = preSolution
		HideSolutionNode = FALSE
	EndGlobalSection
	GlobalSection(ExtensibilityGlobals) = postSolution
		SolutionGuid = {63650151-B8D2-418B-B636-52E8F8B5A917}
	EndGlobalSection
EndGlobal
